
Microsoft Visual Studio Solution File, Format Version 12.00
# Visual Studio 2012
Project("{FAE04EC0-301F-11D3-BF4B-00C04F79EFBC}") = "Pokus", "Pokus\Pokus.csproj", "{E3F48266-56A6-4E47-8AA2-B9B2139B8A1F}"
EndProject
Project("{FAE04EC0-301F-11D3-BF4B-00C04F79EFBC}") = "Pokus.iOS", "iOS\Pokus.iOS.csproj", "{1C3E2A53-A818-42F2-9AB3-20059935C621}"
EndProject
Project("{FAE04EC0-301F-11D3-BF4B-00C04F79EFBC}") = "Pokus.Droid", "Droid\Pokus.Droid.csproj", "{32DE7DEF-4C10-4BE5-954B-D4BB1AAE8278}"
EndProject
Global
	GlobalSection(SolutionConfigurationPlatforms) = preSolution
		Debug|Any CPU = Debug|Any CPU
		Release|Any CPU = Release|Any CPU
		Debug|iPhoneSimulator = Debug|iPhoneSimulator
		Release|iPhoneSimulator = Release|iPhoneSimulator
		Debug|iPhone = Debug|iPhone
		Release|iPhone = Release|iPhone
		Ad-Hoc|iPhone = Ad-Hoc|iPhone
		AppStore|iPhone = AppStore|iPhone
	EndGlobalSection
	GlobalSection(ProjectConfigurationPlatforms) = postSolution
		{1C3E2A53-A818-42F2-9AB3-20059935C621}.Ad-Hoc|iPhone.ActiveCfg = Ad-Hoc|iPhone
		{1C3E2A53-A818-42F2-9AB3-20059935C621}.Ad-Hoc|iPhone.Build.0 = Ad-Hoc|iPhone
		{1C3E2A53-A818-42F2-9AB3-20059935C621}.AppStore|iPhone.ActiveCfg = AppStore|iPhone
		{1C3E2A53-A818-42F2-9AB3-20059935C621}.AppStore|iPhone.Build.0 = AppStore|iPhone
		{1C3E2A53-A818-42F2-9AB3-20059935C621}.Debug|Any CPU.ActiveCfg = Debug|iPhoneSimulator
		{1C3E2A53-A818-42F2-9AB3-20059935C621}.Debug|Any CPU.Build.0 = Debug|iPhoneSimulator
		{1C3E2A53-A818-42F2-9AB3-20059935C621}.Debug|iPhone.ActiveCfg = Debug|iPhone
		{1C3E2A53-A818-42F2-9AB3-20059935C621}.Debug|iPhone.Build.0 = Debug|iPhone
		{1C3E2A53-A818-42F2-9AB3-20059935C621}.Debug|iPhoneSimulator.ActiveCfg = Debug|iPhoneSimulator
		{1C3E2A53-A818-42F2-9AB3-20059935C621}.Debug|iPhoneSimulator.Build.0 = Debug|iPhoneSimulator
		{1C3E2A53-A818-42F2-9AB3-20059935C621}.Release|Any CPU.ActiveCfg = Release|iPhoneSimulator
		{1C3E2A53-A818-42F2-9AB3-20059935C621}.Release|Any CPU.Build.0 = Release|iPhoneSimulator
		{1C3E2A53-A818-42F2-9AB3-20059935C621}.Release|iPhone.ActiveCfg = Release|iPhone
		{1C3E2A53-A818-42F2-9AB3-20059935C621}.Release|iPhone.Build.0 = Release|iPhone
		{1C3E2A53-A818-42F2-9AB3-20059935C621}.Release|iPhoneSimulator.ActiveCfg = Release|iPhoneSimulator
		{1C3E2A53-A818-42F2-9AB3-20059935C621}.Release|iPhoneSimulator.Build.0 = Release|iPhoneSimulator
		{32DE7DEF-4C10-4BE5-954B-D4BB1AAE8278}.Ad-Hoc|iPhone.ActiveCfg = Release|Any CPU
		{32DE7DEF-4C10-4BE5-954B-D4BB1AAE8278}.Ad-Hoc|iPhone.Build.0 = Release|Any CPU
		{32DE7DEF-4C10-4BE5-954B-D4BB1AAE8278}.AppStore|iPhone.ActiveCfg = Release|Any CPU
		{32DE7DEF-4C10-4BE5-954B-D4BB1AAE8278}.AppStore|iPhone.Build.0 = Release|Any CPU
		{32DE7DEF-4C10-4BE5-954B-D4BB1AAE8278}.Debug|Any CPU.ActiveCfg = Debug|Any CPU
		{32DE7DEF-4C10-4BE5-954B-D4BB1AAE8278}.Debug|Any CPU.Build.0 = Debug|Any CPU
		{32DE7DEF-4C10-4BE5-954B-D4BB1AAE8278}.Debug|iPhone.ActiveCfg = Debug|Any CPU
		{32DE7DEF-4C10-4BE5-954B-D4BB1AAE8278}.Debug|iPhone.Build.0 = Debug|Any CPU
		{32DE7DEF-4C10-4BE5-954B-D4BB1AAE8278}.Debug|iPhoneSimulator.ActiveCfg = Debug|Any CPU
		{32DE7DEF-4C10-4BE5-954B-D4BB1AAE8278}.Debug|iPhoneSimulator.Build.0 = Debug|Any CPU
		{32DE7DEF-4C10-4BE5-954B-D4BB1AAE8278}.Release|Any CPU.ActiveCfg = Release|Any CPU
		{32DE7DEF-4C10-4BE5-954B-D4BB1AAE8278}.Release|Any CPU.Build.0 = Release|Any CPU
		{32DE7DEF-4C10-4BE5-954B-D4BB1AAE8278}.Release|iPhone.ActiveCfg = Release|Any CPU
		{32DE7DEF-4C10-4BE5-954B-D4BB1AAE8278}.Release|iPhone.Build.0 = Release|Any CPU
		{32DE7DEF-4C10-4BE5-954B-D4BB1AAE8278}.Release|iPhoneSimulator.ActiveCfg = Release|Any CPU
		{32DE7DEF-4C10-4BE5-954B-D4BB1AAE8278}.Release|iPhoneSimulator.Build.0 = Release|Any CPU
		{E3F48266-56A6-4E47-8AA2-B9B2139B8A1F}.Ad-Hoc|iPhone.ActiveCfg = Debug|Any CPU
		{E3F48266-56A6-4E47-8AA2-B9B2139B8A1F}.Ad-Hoc|iPhone.Build.0 = Debug|Any CPU
		{E3F48266-56A6-4E47-8AA2-B9B2139B8A1F}.AppStore|iPhone.ActiveCfg = Debug|Any CPU
		{E3F48266-56A6-4E47-8AA2-B9B2139B8A1F}.AppStore|iPhone.Build.0 = Debug|Any CPU
		{E3F48266-56A6-4E47-8AA2-B9B2139B8A1F}.Debug|Any CPU.ActiveCfg = Debug|Any CPU
		{E3F48266-56A6-4E47-8AA2-B9B2139B8A1F}.Debug|Any CPU.Build.0 = Debug|Any CPU
		{E3F48266-56A6-4E47-8AA2-B9B2139B8A1F}.Debug|iPhone.ActiveCfg = Debug|Any CPU
		{E3F48266-56A6-4E47-8AA2-B9B2139B8A1F}.Debug|iPhone.Build.0 = Debug|Any CPU
		{E3F48266-56A6-4E47-8AA2-B9B2139B8A1F}.Debug|iPhoneSimulator.ActiveCfg = Debug|Any CPU
		{E3F48266-56A6-4E47-8AA2-B9B2139B8A1F}.Debug|iPhoneSimulator.Build.0 = Debug|Any CPU
		{E3F48266-56A6-4E47-8AA2-B9B2139B8A1F}.Release|Any CPU.ActiveCfg = Release|Any CPU
		{E3F48266-56A6-4E47-8AA2-B9B2139B8A1F}.Release|Any CPU.Build.0 = Release|Any CPU
		{E3F48266-56A6-4E47-8AA2-B9B2139B8A1F}.Release|iPhone.ActiveCfg = Release|Any CPU
		{E3F48266-56A6-4E47-8AA2-B9B2139B8A1F}.Release|iPhone.Build.0 = Release|Any CPU
		{E3F48266-56A6-4E47-8AA2-B9B2139B8A1F}.Release|iPhoneSimulator.ActiveCfg = Release|Any CPU
		{E3F48266-56A6-4E47-8AA2-B9B2139B8A1F}.Release|iPhoneSimulator.Build.0 = Release|Any CPU
	EndGlobalSection
EndGlobal
